
Microsoft Visual Studio Solution File, Format Version 10.00
# Visual Studio 2008
Project("{D183A3D8-5FD8-494B-B014-37F57B35E655}") = "SSIS_Gotchas", "SSIS_Gotchas.dtproj", "{C4D29D04-A337-4AD8-8289-D7F447C837CB}"
EndProject
Global
	GlobalSection(SolutionConfigurationPlatforms) = preSolution
		Development|Default = Development|Default
	EndGlobalSection
	GlobalSection(ProjectConfigurationPlatforms) = postSolution
		{C4D29D04-A337-4AD8-8289-D7F447C837CB}.Development|Default.ActiveCfg = Development
		{C4D29D04-A337-4AD8-8289-D7F447C837CB}.Development|Default.Build.0 = Development
	EndGlobalSection
	GlobalSection(SolutionProperties) = preSolution
		HideSolutionNode = FALSE
	EndGlobalSection
EndGlobal
